
Microsoft Visual Studio Solution File, Format Version 12.00
# Visual Studio Version 17
VisualStudioVersion = 17.8.34330.188
MinimumVisualStudioVersion = 10.0.40219.1
Project("{2150E333-8FDC-42A3-9474-1A3956D46DE8}") = "MServices", "MServices", "{25F99455-8D80-429B-942F-D325A9518C83}"
EndProject
Project("{2150E333-8FDC-42A3-9474-1A3956D46DE8}") = "Basket", "Basket", "{2842CEFB-EEF7-4C6C-BB8E-6883EBE2C8A5}"
EndProject
Project("{FAE04EC0-301F-11D3-BF4B-00C04F79EFBC}") = "Basket.API", "Basket.API\Basket.API.csproj", "{E5873BFC-0B25-48E0-9CDA-626079F55196}"
EndProject
Project("{FAE04EC0-301F-11D3-BF4B-00C04F79EFBC}") = "Basket.Application", "Basket.Application\Basket.Application.csproj", "{AB8728D9-11F4-4FD3-AEFB-5A5BFB619FEF}"
EndProject
Project("{FAE04EC0-301F-11D3-BF4B-00C04F79EFBC}") = "Basket.Core", "Basket.Core\Basket.Core.csproj", "{E2382201-E6A6-4C29-A6AF-D9B552E68947}"
EndProject
Project("{FAE04EC0-301F-11D3-BF4B-00C04F79EFBC}") = "Basket.Infrastructure", "Basket.Infrastructure\Basket.Infrastructure.csproj", "{2D5928E3-6A3F-45E5-848C-E00F84FD1381}"
EndProject
Project("{2150E333-8FDC-42A3-9474-1A3956D46DE8}") = "Catalog", "Catalog", "{50F1D929-FF54-4895-A4D7-2C89A7B8D54A}"
EndProject
Project("{FAE04EC0-301F-11D3-BF4B-00C04F79EFBC}") = "Catalog.API", "Catalog.API\Catalog.API.csproj", "{D7AC32F8-F879-43FD-8539-B0431CA2BEC5}"
EndProject
Project("{FAE04EC0-301F-11D3-BF4B-00C04F79EFBC}") = "Catalog.Application", "Catalog.Application\Catalog.Application.csproj", "{3FC115A0-7878-43AB-AF3E-2EA9E6AE10C0}"
EndProject
Project("{FAE04EC0-301F-11D3-BF4B-00C04F79EFBC}") = "Catalog.Core", "Catalog.Core\Catalog.Core.csproj", "{CA10198E-E052-4E39-87FA-47266AF1FFCF}"
EndProject
Project("{FAE04EC0-301F-11D3-BF4B-00C04F79EFBC}") = "Catalog.Infrastructure", "Catalog.Infrastructure\Catalog.Infrastructure.csproj", "{1CB3ADF8-D78A-4154-A020-3B276A5E667C}"
EndProject
Project("{2150E333-8FDC-42A3-9474-1A3956D46DE8}") = "Discount", "Discount", "{6D50A4B3-7766-4EC8-9B3E-CA41F540234B}"
EndProject
Project("{FAE04EC0-301F-11D3-BF4B-00C04F79EFBC}") = "Discount.API", "Discount.API\Discount.API.csproj", "{60E85EDE-87A3-4477-AF61-7BA5A3E99CCD}"
EndProject
Project("{FAE04EC0-301F-11D3-BF4B-00C04F79EFBC}") = "Discount.Application", "Discount.Application\Discount.Application.csproj", "{5DE8D703-892B-4F53-830B-52CBC561C540}"
EndProject
Project("{FAE04EC0-301F-11D3-BF4B-00C04F79EFBC}") = "Discount.Infrastructure", "Discount.Infrastructure\Discount.Infrastructure.csproj", "{2FE429B1-DB14-44FF-8FB0-6FC92CED1BE0}"
EndProject
Project("{FAE04EC0-301F-11D3-BF4B-00C04F79EFBC}") = "Discount.Core", "Discount.Core\Discount.Core.csproj", "{ECD3BA5C-4BC0-42B7-BDB8-594DD8825EB1}"
EndProject
Project("{2150E333-8FDC-42A3-9474-1A3956D46DE8}") = "Ordering", "Ordering", "{9790D6D2-2498-468A-AB49-7C7D21C84B37}"
EndProject
Project("{FAE04EC0-301F-11D3-BF4B-00C04F79EFBC}") = "Ordering.API", "Ordering.API\Ordering.API.csproj", "{FC89D08E-0F4B-4B5A-82B4-CBE22B146315}"
EndProject
Project("{FAE04EC0-301F-11D3-BF4B-00C04F79EFBC}") = "Ordering.Application", "Ordering.Application\Ordering.Application.csproj", "{D89F6A00-4897-48D4-BF6A-024EC781497D}"
EndProject
Project("{FAE04EC0-301F-11D3-BF4B-00C04F79EFBC}") = "Ordering.Core", "Ordering.Core\Ordering.Core.csproj", "{B0E5C9E3-E56E-4EF6-A8E6-C542F0DCEA3C}"
EndProject
Project("{FAE04EC0-301F-11D3-BF4B-00C04F79EFBC}") = "Ordering.Infrastructure", "Ordering.Infrastructure\Ordering.Infrastructure.csproj", "{49AFC5DD-67E6-4B27-92A5-7DBBAD15CB42}"
EndProject
Project("{2150E333-8FDC-42A3-9474-1A3956D46DE8}") = "ApiGateways", "ApiGateways", "{C7C15118-CAD1-423E-84CB-144408AC307F}"
EndProject
Project("{FAE04EC0-301F-11D3-BF4B-00C04F79EFBC}") = "Ocelot.ApiGateway", "Ocelot.ApiGateway\Ocelot.ApiGateway.csproj", "{AF15132C-9EE1-4CCE-8C10-95D9CF5B629F}"
EndProject
Project("{2150E333-8FDC-42A3-9474-1A3956D46DE8}") = "Infrastructure", "Infrastructure", "{6E9C142C-7B4B-4803-A178-5A1BBA161DBD}"
EndProject
Project("{FAE04EC0-301F-11D3-BF4B-00C04F79EFBC}") = "EventBus.Messages", "EventBus.Messages\EventBus.Messages.csproj", "{9134BD41-22DA-446B-B231-4A606412D683}"
EndProject
Project("{FAE04EC0-301F-11D3-BF4B-00C04F79EFBC}") = "Identity", "Identity\Identity.csproj", "{BB4A2EC1-AB50-4E15-96EB-85B61C10EEF9}"
EndProject
Project("{FAE04EC0-301F-11D3-BF4B-00C04F79EFBC}") = "Common.Logging", "Common.Logging\Common.Logging.csproj", "{F9E47E43-897E-4B1B-9C7A-BCD09CB8D052}"
EndProject
Global
	GlobalSection(SolutionConfigurationPlatforms) = preSolution
		Debug|Any CPU = Debug|Any CPU
		Release|Any CPU = Release|Any CPU
	EndGlobalSection
	GlobalSection(ProjectConfigurationPlatforms) = postSolution
		{E5873BFC-0B25-48E0-9CDA-626079F55196}.Debug|Any CPU.ActiveCfg = Debug|Any CPU
		{E5873BFC-0B25-48E0-9CDA-626079F55196}.Debug|Any CPU.Build.0 = Debug|Any CPU
		{E5873BFC-0B25-48E0-9CDA-626079F55196}.Release|Any CPU.ActiveCfg = Release|Any CPU
		{E5873BFC-0B25-48E0-9CDA-626079F55196}.Release|Any CPU.Build.0 = Release|Any CPU
		{AB8728D9-11F4-4FD3-AEFB-5A5BFB619FEF}.Debug|Any CPU.ActiveCfg = Debug|Any CPU
		{AB8728D9-11F4-4FD3-AEFB-5A5BFB619FEF}.Debug|Any CPU.Build.0 = Debug|Any CPU
		{AB8728D9-11F4-4FD3-AEFB-5A5BFB619FEF}.Release|Any CPU.ActiveCfg = Release|Any CPU
		{AB8728D9-11F4-4FD3-AEFB-5A5BFB619FEF}.Release|Any CPU.Build.0 = Release|Any CPU
		{E2382201-E6A6-4C29-A6AF-D9B552E68947}.Debug|Any CPU.ActiveCfg = Debug|Any CPU
		{E2382201-E6A6-4C29-A6AF-D9B552E68947}.Debug|Any CPU.Build.0 = Debug|Any CPU
		{E2382201-E6A6-4C29-A6AF-D9B552E68947}.Release|Any CPU.ActiveCfg = Release|Any CPU
		{E2382201-E6A6-4C29-A6AF-D9B552E68947}.Release|Any CPU.Build.0 = Release|Any CPU
		{2D5928E3-6A3F-45E5-848C-E00F84FD1381}.Debug|Any CPU.ActiveCfg = Debug|Any CPU
		{2D5928E3-6A3F-45E5-848C-E00F84FD1381}.Debug|Any CPU.Build.0 = Debug|Any CPU
		{2D5928E3-6A3F-45E5-848C-E00F84FD1381}.Release|Any CPU.ActiveCfg = Release|Any CPU
		{2D5928E3-6A3F-45E5-848C-E00F84FD1381}.Release|Any CPU.Build.0 = Release|Any CPU
		{D7AC32F8-F879-43FD-8539-B0431CA2BEC5}.Debug|Any CPU.ActiveCfg = Debug|Any CPU
		{D7AC32F8-F879-43FD-8539-B0431CA2BEC5}.Debug|Any CPU.Build.0 = Debug|Any CPU
		{D7AC32F8-F879-43FD-8539-B0431CA2BEC5}.Release|Any CPU.ActiveCfg = Release|Any CPU
		{D7AC32F8-F879-43FD-8539-B0431CA2BEC5}.Release|Any CPU.Build.0 = Release|Any CPU
		{3FC115A0-7878-43AB-AF3E-2EA9E6AE10C0}.Debug|Any CPU.ActiveCfg = Debug|Any CPU
		{3FC115A0-7878-43AB-AF3E-2EA9E6AE10C0}.Debug|Any CPU.Build.0 = Debug|Any CPU
		{3FC115A0-7878-43AB-AF3E-2EA9E6AE10C0}.Release|Any CPU.ActiveCfg = Release|Any CPU
		{3FC115A0-7878-43AB-AF3E-2EA9E6AE10C0}.Release|Any CPU.Build.0 = Release|Any CPU
		{CA10198E-E052-4E39-87FA-47266AF1FFCF}.Debug|Any CPU.ActiveCfg = Debug|Any CPU
		{CA10198E-E052-4E39-87FA-47266AF1FFCF}.Debug|Any CPU.Build.0 = Debug|Any CPU
		{CA10198E-E052-4E39-87FA-47266AF1FFCF}.Release|Any CPU.ActiveCfg = Release|Any CPU
		{CA10198E-E052-4E39-87FA-47266AF1FFCF}.Release|Any CPU.Build.0 = Release|Any CPU
		{1CB3ADF8-D78A-4154-A020-3B276A5E667C}.Debug|Any CPU.ActiveCfg = Debug|Any CPU
		{1CB3ADF8-D78A-4154-A020-3B276A5E667C}.Debug|Any CPU.Build.0 = Debug|Any CPU
		{1CB3ADF8-D78A-4154-A020-3B276A5E667C}.Release|Any CPU.ActiveCfg = Release|Any CPU
		{1CB3ADF8-D78A-4154-A020-3B276A5E667C}.Release|Any CPU.Build.0 = Release|Any CPU
		{60E85EDE-87A3-4477-AF61-7BA5A3E99CCD}.Debug|Any CPU.ActiveCfg = Debug|Any CPU
		{60E85EDE-87A3-4477-AF61-7BA5A3E99CCD}.Debug|Any CPU.Build.0 = Debug|Any CPU
		{60E85EDE-87A3-4477-AF61-7BA5A3E99CCD}.Release|Any CPU.ActiveCfg = Release|Any CPU
		{60E85EDE-87A3-4477-AF61-7BA5A3E99CCD}.Release|Any CPU.Build.0 = Release|Any CPU
		{5DE8D703-892B-4F53-830B-52CBC561C540}.Debug|Any CPU.ActiveCfg = Debug|Any CPU
		{5DE8D703-892B-4F53-830B-52CBC561C540}.Debug|Any CPU.Build.0 = Debug|Any CPU
		{5DE8D703-892B-4F53-830B-52CBC561C540}.Release|Any CPU.ActiveCfg = Release|Any CPU
		{5DE8D703-892B-4F53-830B-52CBC561C540}.Release|Any CPU.Build.0 = Release|Any CPU
		{2FE429B1-DB14-44FF-8FB0-6FC92CED1BE0}.Debug|Any CPU.ActiveCfg = Debug|Any CPU
		{2FE429B1-DB14-44FF-8FB0-6FC92CED1BE0}.Debug|Any CPU.Build.0 = Debug|Any CPU
		{2FE429B1-DB14-44FF-8FB0-6FC92CED1BE0}.Release|Any CPU.ActiveCfg = Release|Any CPU
		{2FE429B1-DB14-44FF-8FB0-6FC92CED1BE0}.Release|Any CPU.Build.0 = Release|Any CPU
		{ECD3BA5C-4BC0-42B7-BDB8-594DD8825EB1}.Debug|Any CPU.ActiveCfg = Debug|Any CPU
		{ECD3BA5C-4BC0-42B7-BDB8-594DD8825EB1}.Debug|Any CPU.Build.0 = Debug|Any CPU
		{ECD3BA5C-4BC0-42B7-BDB8-594DD8825EB1}.Release|Any CPU.ActiveCfg = Release|Any CPU
		{ECD3BA5C-4BC0-42B7-BDB8-594DD8825EB1}.Release|Any CPU.Build.0 = Release|Any CPU
		{FC89D08E-0F4B-4B5A-82B4-CBE22B146315}.Debug|Any CPU.ActiveCfg = Debug|Any CPU
		{FC89D08E-0F4B-4B5A-82B4-CBE22B146315}.Debug|Any CPU.Build.0 = Debug|Any CPU
		{FC89D08E-0F4B-4B5A-82B4-CBE22B146315}.Release|Any CPU.ActiveCfg = Release|Any CPU
		{FC89D08E-0F4B-4B5A-82B4-CBE22B146315}.Release|Any CPU.Build.0 = Release|Any CPU
		{D89F6A00-4897-48D4-BF6A-024EC781497D}.Debug|Any CPU.ActiveCfg = Debug|Any CPU
		{D89F6A00-4897-48D4-BF6A-024EC781497D}.Debug|Any CPU.Build.0 = Debug|Any CPU
		{D89F6A00-4897-48D4-BF6A-024EC781497D}.Release|Any CPU.ActiveCfg = Release|Any CPU
		{D89F6A00-4897-48D4-BF6A-024EC781497D}.Release|Any CPU.Build.0 = Release|Any CPU
		{B0E5C9E3-E56E-4EF6-A8E6-C542F0DCEA3C}.Debug|Any CPU.ActiveCfg = Debug|Any CPU
		{B0E5C9E3-E56E-4EF6-A8E6-C542F0DCEA3C}.Debug|Any CPU.Build.0 = Debug|Any CPU
		{B0E5C9E3-E56E-4EF6-A8E6-C542F0DCEA3C}.Release|Any CPU.ActiveCfg = Release|Any CPU
		{B0E5C9E3-E56E-4EF6-A8E6-C542F0DCEA3C}.Release|Any CPU.Build.0 = Release|Any CPU
		{49AFC5DD-67E6-4B27-92A5-7DBBAD15CB42}.Debug|Any CPU.ActiveCfg = Debug|Any CPU
		{49AFC5DD-67E6-4B27-92A5-7DBBAD15CB42}.Debug|Any CPU.Build.0 = Debug|Any CPU
		{49AFC5DD-67E6-4B27-92A5-7DBBAD15CB42}.Release|Any CPU.ActiveCfg = Release|Any CPU
		{49AFC5DD-67E6-4B27-92A5-7DBBAD15CB42}.Release|Any CPU.Build.0 = Release|Any CPU
		{AF15132C-9EE1-4CCE-8C10-95D9CF5B629F}.Debug|Any CPU.ActiveCfg = Debug|Any CPU
		{AF15132C-9EE1-4CCE-8C10-95D9CF5B629F}.Debug|Any CPU.Build.0 = Debug|Any CPU
		{AF15132C-9EE1-4CCE-8C10-95D9CF5B629F}.Release|Any CPU.ActiveCfg = Release|Any CPU
		{AF15132C-9EE1-4CCE-8C10-95D9CF5B629F}.Release|Any CPU.Build.0 = Release|Any CPU
		{9134BD41-22DA-446B-B231-4A606412D683}.Debug|Any CPU.ActiveCfg = Debug|Any CPU
		{9134BD41-22DA-446B-B231-4A606412D683}.Debug|Any CPU.Build.0 = Debug|Any CPU
		{9134BD41-22DA-446B-B231-4A606412D683}.Release|Any CPU.ActiveCfg = Release|Any CPU
		{9134BD41-22DA-446B-B231-4A606412D683}.Release|Any CPU.Build.0 = Release|Any CPU
		{BB4A2EC1-AB50-4E15-96EB-85B61C10EEF9}.Debug|Any CPU.ActiveCfg = Debug|Any CPU
		{BB4A2EC1-AB50-4E15-96EB-85B61C10EEF9}.Debug|Any CPU.Build.0 = Debug|Any CPU
		{BB4A2EC1-AB50-4E15-96EB-85B61C10EEF9}.Release|Any CPU.ActiveCfg = Release|Any CPU
		{BB4A2EC1-AB50-4E15-96EB-85B61C10EEF9}.Release|Any CPU.Build.0 = Release|Any CPU
		{F9E47E43-897E-4B1B-9C7A-BCD09CB8D052}.Debug|Any CPU.ActiveCfg = Debug|Any CPU
		{F9E47E43-897E-4B1B-9C7A-BCD09CB8D052}.Debug|Any CPU.Build.0 = Debug|Any CPU
		{F9E47E43-897E-4B1B-9C7A-BCD09CB8D052}.Release|Any CPU.ActiveCfg = Release|Any CPU
		{F9E47E43-897E-4B1B-9C7A-BCD09CB8D052}.Release|Any CPU.Build.0 = Release|Any CPU
	EndGlobalSection
	GlobalSection(SolutionProperties) = preSolution
		HideSolutionNode = FALSE
	EndGlobalSection
	GlobalSection(NestedProjects) = preSolution
		{2842CEFB-EEF7-4C6C-BB8E-6883EBE2C8A5} = {25F99455-8D80-429B-942F-D325A9518C83}
		{E5873BFC-0B25-48E0-9CDA-626079F55196} = {2842CEFB-EEF7-4C6C-BB8E-6883EBE2C8A5}
		{AB8728D9-11F4-4FD3-AEFB-5A5BFB619FEF} = {2842CEFB-EEF7-4C6C-BB8E-6883EBE2C8A5}
		{E2382201-E6A6-4C29-A6AF-D9B552E68947} = {2842CEFB-EEF7-4C6C-BB8E-6883EBE2C8A5}
		{2D5928E3-6A3F-45E5-848C-E00F84FD1381} = {2842CEFB-EEF7-4C6C-BB8E-6883EBE2C8A5}
		{50F1D929-FF54-4895-A4D7-2C89A7B8D54A} = {25F99455-8D80-429B-942F-D325A9518C83}
		{D7AC32F8-F879-43FD-8539-B0431CA2BEC5} = {50F1D929-FF54-4895-A4D7-2C89A7B8D54A}
		{3FC115A0-7878-43AB-AF3E-2EA9E6AE10C0} = {50F1D929-FF54-4895-A4D7-2C89A7B8D54A}
		{CA10198E-E052-4E39-87FA-47266AF1FFCF} = {50F1D929-FF54-4895-A4D7-2C89A7B8D54A}
		{1CB3ADF8-D78A-4154-A020-3B276A5E667C} = {50F1D929-FF54-4895-A4D7-2C89A7B8D54A}
		{6D50A4B3-7766-4EC8-9B3E-CA41F540234B} = {25F99455-8D80-429B-942F-D325A9518C83}
		{60E85EDE-87A3-4477-AF61-7BA5A3E99CCD} = {6D50A4B3-7766-4EC8-9B3E-CA41F540234B}
		{5DE8D703-892B-4F53-830B-52CBC561C540} = {6D50A4B3-7766-4EC8-9B3E-CA41F540234B}
		{2FE429B1-DB14-44FF-8FB0-6FC92CED1BE0} = {6D50A4B3-7766-4EC8-9B3E-CA41F540234B}
		{ECD3BA5C-4BC0-42B7-BDB8-594DD8825EB1} = {6D50A4B3-7766-4EC8-9B3E-CA41F540234B}
		{9790D6D2-2498-468A-AB49-7C7D21C84B37} = {25F99455-8D80-429B-942F-D325A9518C83}
		{FC89D08E-0F4B-4B5A-82B4-CBE22B146315} = {9790D6D2-2498-468A-AB49-7C7D21C84B37}
		{D89F6A00-4897-48D4-BF6A-024EC781497D} = {9790D6D2-2498-468A-AB49-7C7D21C84B37}
		{B0E5C9E3-E56E-4EF6-A8E6-C542F0DCEA3C} = {9790D6D2-2498-468A-AB49-7C7D21C84B37}
		{49AFC5DD-67E6-4B27-92A5-7DBBAD15CB42} = {9790D6D2-2498-468A-AB49-7C7D21C84B37}
		{AF15132C-9EE1-4CCE-8C10-95D9CF5B629F} = {C7C15118-CAD1-423E-84CB-144408AC307F}
		{9134BD41-22DA-446B-B231-4A606412D683} = {6E9C142C-7B4B-4803-A178-5A1BBA161DBD}
		{BB4A2EC1-AB50-4E15-96EB-85B61C10EEF9} = {6E9C142C-7B4B-4803-A178-5A1BBA161DBD}
		{F9E47E43-897E-4B1B-9C7A-BCD09CB8D052} = {6E9C142C-7B4B-4803-A178-5A1BBA161DBD}
	EndGlobalSection
	GlobalSection(ExtensibilityGlobals) = postSolution
		SolutionGuid = {BDBEBA25-C65E-48B4-A8D3-65B21584D31E}
	EndGlobalSection
EndGlobal
